<?xml version="1.0" encoding="utf-8"?>
<Project ToolsVersion="4.0" xmlns="http://schemas.microsoft.com/developer/msbuild/2003">
  <ItemGroup>
    <Filter Include="Source Files">
      <UniqueIdentifier>{4FC737F1-C7A5-4376-A066-2A32D752A2FF}</UniqueIdentifier>
      <Extensions>cpp;c;cc;cxx;def;odl;idl;hpj;bat;asm;asmx</Extensions>
    </Filter>
    <Filter Include="Header Files">
      <UniqueIdentifier>{93995380-89BD-4b04-88EB-625FBE52EBFB}</UniqueIdentifier>
      <Extensions>h;hh;hpp;hxx;hm;inl;inc;ipp;xsd</Extensions>
    </Filter>
    <Filter Include="Resource Files">
      <UniqueIdentifier>{67DA6AB6-F800-4c08-8B7A-83BB121AAD01}</UniqueIdentifier>
      <Extensions>rc;ico;cur;bmp;dlg;rc2;rct;bin;rgs;gif;jpg;jpeg;jpe;resx;tiff;tif;png;wav;mfcribbon-ms</Extensions>
    </Filter>
    <Filter Include="Header Files\Framework">
      <UniqueIdentifier>{dd427c4a-0eef-41c0-9e63-f088ef4ec257}</UniqueIdentifier>
    </Filter>
    <Filter Include="Header Files\MapReader">
      <UniqueIdentifier>{cafbe46a-0c49-4b57-8095-61e3b9568cc8}</UniqueIdentifier>
    </Filter>
    <Filter Include="Header Files\Game">
      <UniqueIdentifier>{40eddc7a-63a9-4d5a-864e-1f480e2a1cc2}</UniqueIdentifier>
    </Filter>
    <Filter Include="Header Files\Framework\Structure">
      <UniqueIdentifier>{a47f754c-2fe7-441b-b201-38d0d34b226c}</UniqueIdentifier>
    </Filter>
  </ItemGroup>
  <ItemGroup>
    <ClCompile Include="MapReader\base64.cpp">
      <Filter>Header Files\MapReader</Filter>
    </ClCompile>
    <ClCompile Include="MapReader\tinyxml2.cpp">
      <Filter>Header Files\MapReader</Filter>
    </ClCompile>
    <ClCompile Include="MapReader\TmxEllipse.cpp">
      <Filter>Header Files\MapReader</Filter>
    </ClCompile>
    <ClCompile Include="MapReader\TmxImage.cpp">
      <Filter>Header Files\MapReader</Filter>
    </ClCompile>
    <ClCompile Include="MapReader\TmxImageLayer.cpp">
      <Filter>Header Files\MapReader</Filter>
    </ClCompile>
    <ClCompile Include="MapReader\TmxLayer.cpp">
      <Filter>Header Files\MapReader</Filter>
    </ClCompile>
    <ClCompile Include="MapReader\TmxMap.cpp">
      <Filter>Header Files\MapReader</Filter>
    </ClCompile>
    <ClCompile Include="MapReader\TmxObject.cpp">
      <Filter>Header Files\MapReader</Filter>
    </ClCompile>
    <ClCompile Include="MapReader\TmxObjectGroup.cpp">
      <Filter>Header Files\MapReader</Filter>
    </ClCompile>
    <ClCompile Include="MapReader\TmxPolygon.cpp">
      <Filter>Header Files\MapReader</Filter>
    </ClCompile>
    <ClCompile Include="MapReader\TmxPolyline.cpp">
      <Filter>Header Files\MapReader</Filter>
    </ClCompile>
    <ClCompile Include="MapReader\TmxPropertySet.cpp">
      <Filter>Header Files\MapReader</Filter>
    </ClCompile>
    <ClCompile Include="MapReader\TmxTerrain.cpp">
      <Filter>Header Files\MapReader</Filter>
    </ClCompile>
    <ClCompile Include="MapReader\TmxTerrainArray.cpp">
      <Filter>Header Files\MapReader</Filter>
    </ClCompile>
    <ClCompile Include="MapReader\TmxTile.cpp">
      <Filter>Header Files\MapReader</Filter>
    </ClCompile>
    <ClCompile Include="MapReader\TmxTileLayer.cpp">
      <Filter>Header Files\MapReader</Filter>
    </ClCompile>
    <ClCompile Include="MapReader\TmxTileOffset.cpp">
      <Filter>Header Files\MapReader</Filter>
    </ClCompile>
    <ClCompile Include="MapReader\TmxTileset.cpp">
      <Filter>Header Files\MapReader</Filter>
    </ClCompile>
    <ClCompile Include="MapReader\TmxUtil.cpp">
      <Filter>Header Files\MapReader</Filter>
    </ClCompile>
    <ClCompile Include="MapReader\miniz.c">
      <Filter>Header Files\MapReader</Filter>
    </ClCompile>
    <ClCompile Include="..\..\BasicDirectX\MyProject\Main.cpp">
      <Filter>Source Files</Filter>
    </ClCompile>
    <ClCompile Include="..\..\BasicDirectX\MyProject\Ball.cpp">
      <Filter>Header Files\Game</Filter>
    </ClCompile>
    <ClCompile Include="..\..\BasicDirectX\MyProject\BoxCollider.cpp">
      <Filter>Header Files\Game</Filter>
    </ClCompile>
    <ClCompile Include="..\..\BasicDirectX\MyProject\Debug.cpp">
      <Filter>Header Files\Game</Filter>
    </ClCompile>
    <ClCompile Include="..\..\BasicDirectX\MyProject\InputManager.cpp">
      <Filter>Header Files\Game</Filter>
    </ClCompile>
    <ClCompile Include="..\..\BasicDirectX\MyProject\Paddle.cpp">
      <Filter>Header Files\Game</Filter>
    </ClCompile>
    <ClCompile Include="..\..\BasicDirectX\MyProject\PlayScene.cpp">
      <Filter>Header Files\Game</Filter>
    </ClCompile>
    <ClCompile Include="..\..\BasicDirectX\MyProject\TestCharacter.cpp">
      <Filter>Header Files\Game</Filter>
    </ClCompile>
    <ClCompile Include="..\..\BasicDirectX\MyProject\Animations.cpp">
      <Filter>Header Files\Framework\Structure</Filter>
    </ClCompile>
    <ClCompile Include="..\..\BasicDirectX\MyProject\GameManager.cpp">
      <Filter>Header Files\Framework\Structure</Filter>
    </ClCompile>
    <ClCompile Include="..\..\BasicDirectX\MyProject\GameTime.cpp">
      <Filter>Header Files\Framework\Structure</Filter>
    </ClCompile>
    <ClCompile Include="..\..\BasicDirectX\MyProject\Graphic.cpp">
      <Filter>Header Files\Framework\Structure</Filter>
    </ClCompile>
    <ClCompile Include="..\..\BasicDirectX\MyProject\KeyBoard.cpp">
      <Filter>Header Files\Framework\Structure</Filter>
    </ClCompile>
    <ClCompile Include="..\..\BasicDirectX\MyProject\MyHelper.cpp">
      <Filter>Header Files\Framework\Structure</Filter>
    </ClCompile>
    <ClCompile Include="..\..\BasicDirectX\MyProject\Scene.cpp">
      <Filter>Header Files\Framework\Structure</Filter>
    </ClCompile>
    <ClCompile Include="..\..\BasicDirectX\MyProject\SceneManager.cpp">
      <Filter>Header Files\Framework\Structure</Filter>
    </ClCompile>
    <ClCompile Include="..\..\BasicDirectX\MyProject\Sprites.cpp">
      <Filter>Header Files\Framework\Structure</Filter>
    </ClCompile>
    <ClCompile Include="..\..\BasicDirectX\MyProject\Textures.cpp">
      <Filter>Header Files\Framework\Structure</Filter>
    </ClCompile>
  </ItemGroup>
  <ItemGroup>
    <ClInclude Include="MapReader\zlib.h">
      <Filter>Header Files\MapReader</Filter>
    </ClInclude>
    <ClInclude Include="MapReader\tinyxml2.h">
      <Filter>Header Files\MapReader</Filter>
    </ClInclude>
    <ClInclude Include="MapReader\TmxEllipse.h">
      <Filter>Header Files\MapReader</Filter>
    </ClInclude>
    <ClInclude Include="MapReader\TmxImage.h">
      <Filter>Header Files\MapReader</Filter>
    </ClInclude>
    <ClInclude Include="MapReader\TmxImageLayer.h">
      <Filter>Header Files\MapReader</Filter>
    </ClInclude>
    <ClInclude Include="MapReader\TmxLayer.h">
      <Filter>Header Files\MapReader</Filter>
    </ClInclude>
    <ClInclude Include="MapReader\TmxMap.h">
      <Filter>Header Files\MapReader</Filter>
    </ClInclude>
    <ClInclude Include="MapReader\TmxMapTile.h">
      <Filter>Header Files\MapReader</Filter>
    </ClInclude>
    <ClInclude Include="MapReader\TmxObject.h">
      <Filter>Header Files\MapReader</Filter>
    </ClInclude>
    <ClInclude Include="MapReader\TmxObjectGroup.h">
      <Filter>Header Files\MapReader</Filter>
    </ClInclude>
    <ClInclude Include="MapReader\TmxPoint.h">
      <Filter>Header Files\MapReader</Filter>
    </ClInclude>
    <ClInclude Include="MapReader\TmxPolygon.h">
      <Filter>Header Files\MapReader</Filter>
    </ClInclude>
    <ClInclude Include="MapReader\TmxPolyline.h">
      <Filter>Header Files\MapReader</Filter>
    </ClInclude>
    <ClInclude Include="MapReader\TmxPropertySet.h">
      <Filter>Header Files\MapReader</Filter>
    </ClInclude>
    <ClInclude Include="MapReader\TmxTerrain.h">
      <Filter>Header Files\MapReader</Filter>
    </ClInclude>
    <ClInclude Include="MapReader\TmxTerrainArray.h">
      <Filter>Header Files\MapReader</Filter>
    </ClInclude>
    <ClInclude Include="MapReader\TmxTile.h">
      <Filter>Header Files\MapReader</Filter>
    </ClInclude>
    <ClInclude Include="MapReader\TmxTileLayer.h">
      <Filter>Header Files\MapReader</Filter>
    </ClInclude>
    <ClInclude Include="MapReader\TmxTileOffset.h">
      <Filter>Header Files\MapReader</Filter>
    </ClInclude>
    <ClInclude Include="MapReader\TmxTileset.h">
      <Filter>Header Files\MapReader</Filter>
    </ClInclude>
    <ClInclude Include="MapReader\TmxUtil.h">
      <Filter>Header Files\MapReader</Filter>
    </ClInclude>
    <ClInclude Include="MapReader\zlib128-dll\include\zconf.h">
      <Filter>Header Files\MapReader</Filter>
    </ClInclude>
    <ClInclude Include="MapReader\zconf.h">
      <Filter>Header Files\MapReader</Filter>
    </ClInclude>
    <ClInclude Include="MapReader\zlib128-dll\include\zlib.h">
      <Filter>Header Files\MapReader</Filter>
    </ClInclude>
    <ClInclude Include="MapReader\base64.h">
      <Filter>Header Files\MapReader</Filter>
    </ClInclude>
    <ClInclude Include="..\..\BasicDirectX\MyProject\Ball.h">
      <Filter>Header Files\Game</Filter>
    </ClInclude>
    <ClInclude Include="..\..\BasicDirectX\MyProject\BoxCollider.h">
      <Filter>Header Files\Game</Filter>
    </ClInclude>
    <ClInclude Include="..\..\BasicDirectX\MyProject\Debug.h">
      <Filter>Header Files\Game</Filter>
    </ClInclude>
    <ClInclude Include="..\..\BasicDirectX\MyProject\GameObject.h">
      <Filter>Header Files\Game</Filter>
    </ClInclude>
    <ClInclude Include="..\..\BasicDirectX\MyProject\InputManager.h">
      <Filter>Header Files\Game</Filter>
    </ClInclude>
    <ClInclude Include="..\..\BasicDirectX\MyProject\LeftPaddle.h">
      <Filter>Header Files\Game</Filter>
    </ClInclude>
    <ClInclude Include="..\..\BasicDirectX\MyProject\MovementObject.h">
      <Filter>Header Files\Game</Filter>
    </ClInclude>
    <ClInclude Include="..\..\BasicDirectX\MyProject\Paddle.h">
      <Filter>Header Files\Game</Filter>
    </ClInclude>
    <ClInclude Include="..\..\BasicDirectX\MyProject\PlayScene.h">
      <Filter>Header Files\Game</Filter>
    </ClInclude>
    <ClInclude Include="..\..\BasicDirectX\MyProject\TestCharacter.h">
      <Filter>Header Files\Game</Filter>
    </ClInclude>
    <ClInclude Include="..\..\BasicDirectX\MyProject\Animations.h">
      <Filter>Header Files\Framework\Structure</Filter>
    </ClInclude>
    <ClInclude Include="..\..\BasicDirectX\MyProject\GameConfig.h">
      <Filter>Header Files\Framework\Structure</Filter>
    </ClInclude>
    <ClInclude Include="..\..\BasicDirectX\MyProject\GameManager.h">
      <Filter>Header Files\Framework\Structure</Filter>
    </ClInclude>
    <ClInclude Include="..\..\BasicDirectX\MyProject\GameTime.h">
      <Filter>Header Files\Framework\Structure</Filter>
    </ClInclude>
    <ClInclude Include="..\..\BasicDirectX\MyProject\Graphic.h">
      <Filter>Header Files\Framework\Structure</Filter>
    </ClInclude>
    <ClInclude Include="..\..\BasicDirectX\MyProject\KeyBoard.h">
      <Filter>Header Files\Framework\Structure</Filter>
    </ClInclude>
    <ClInclude Include="..\..\BasicDirectX\MyProject\MyHelper.h">
      <Filter>Header Files\Framework\Structure</Filter>
    </ClInclude>
    <ClInclude Include="..\..\BasicDirectX\MyProject\Scene.h">
      <Filter>Header Files\Framework\Structure</Filter>
    </ClInclude>
    <ClInclude Include="..\..\BasicDirectX\MyProject\SceneManager.h">
      <Filter>Header Files\Framework\Structure</Filter>
    </ClInclude>
    <ClInclude Include="..\..\BasicDirectX\MyProject\Sprites.h">
      <Filter>Header Files\Framework\Structure</Filter>
    </ClInclude>
    <ClInclude Include="..\..\BasicDirectX\MyProject\Textures.h">
      <Filter>Header Files\Framework\Structure</Filter>
    </ClInclude>
    <ClInclude Include="GameMap.h">
      <Filter>Header Files\Framework\Structure</Filter>
    </ClInclude>
  </ItemGroup>
  <ItemGroup>
    <None Include="..\..\BasicDirectX\MyProject\MyProject.vcxproj">
      <Filter>Header Files\Game</Filter>
    </None>
    <None Include="..\..\BasicDirectX\MyProject\MyProject.vcxproj.filters">
      <Filter>Header Files\Game</Filter>
    </None>
    <None Include="..\..\BasicDirectX\MyProject\MyProject.vcxproj.user">
      <Filter>Header Files\Game</Filter>
    </None>
  </ItemGroup>
</Project>